
Microsoft Visual Studio Solution File, Format Version 12.00
# Visual Studio Version 17
VisualStudioVersion = 17.6.33723.286
MinimumVisualStudioVersion = 10.0.40219.1
Project("{9A19103F-16F7-4668-BE54-9A1E7A4F7556}") = "Narya.Email.Core", "Narya.Email.Core\Narya.Email.Core.csproj", "{72C5DB5F-02BA-4926-AE4A-80E6210944A0}"
EndProject
Project("{9A19103F-16F7-4668-BE54-9A1E7A4F7556}") = "Narya.Email.Smtp", "Narya.Email.Smtp\Narya.Email.Smtp.csproj", "{7A54CD0E-F452-4646-9073-F059378699E2}"
EndProject
Project("{9A19103F-16F7-4668-BE54-9A1E7A4F7556}") = "TestSuite", "TestSuite\TestSuite.csproj", "{BE377C53-20E4-4BC1-ABB7-AD8E8B7B933B}"
EndProject
Project("{9A19103F-16F7-4668-BE54-9A1E7A4F7556}") = "Narya.Email.Temp", "Narya.Email.Temp\Narya.Email.Temp.csproj", "{7AE31B2A-035C-43C2-86DC-BF09DDBAB4BA}"
EndProject
Global
	GlobalSection(SolutionConfigurationPlatforms) = preSolution
		Debug|Any CPU = Debug|Any CPU
		Release|Any CPU = Release|Any CPU
	EndGlobalSection
	GlobalSection(ProjectConfigurationPlatforms) = postSolution
		{72C5DB5F-02BA-4926-AE4A-80E6210944A0}.Debug|Any CPU.ActiveCfg = Debug|Any CPU
		{72C5DB5F-02BA-4926-AE4A-80E6210944A0}.Debug|Any CPU.Build.0 = Debug|Any CPU
		{72C5DB5F-02BA-4926-AE4A-80E6210944A0}.Release|Any CPU.ActiveCfg = Release|Any CPU
		{72C5DB5F-02BA-4926-AE4A-80E6210944A0}.Release|Any CPU.Build.0 = Release|Any CPU
		{7A54CD0E-F452-4646-9073-F059378699E2}.Debug|Any CPU.ActiveCfg = Debug|Any CPU
		{7A54CD0E-F452-4646-9073-F059378699E2}.Debug|Any CPU.Build.0 = Debug|Any CPU
		{7A54CD0E-F452-4646-9073-F059378699E2}.Release|Any CPU.ActiveCfg = Release|Any CPU
		{7A54CD0E-F452-4646-9073-F059378699E2}.Release|Any CPU.Build.0 = Release|Any CPU
		{BE377C53-20E4-4BC1-ABB7-AD8E8B7B933B}.Debug|Any CPU.ActiveCfg = Debug|Any CPU
		{BE377C53-20E4-4BC1-ABB7-AD8E8B7B933B}.Debug|Any CPU.Build.0 = Debug|Any CPU
		{BE377C53-20E4-4BC1-ABB7-AD8E8B7B933B}.Release|Any CPU.ActiveCfg = Release|Any CPU
		{BE377C53-20E4-4BC1-ABB7-AD8E8B7B933B}.Release|Any CPU.Build.0 = Release|Any CPU
		{7AE31B2A-035C-43C2-86DC-BF09DDBAB4BA}.Debug|Any CPU.ActiveCfg = Debug|Any CPU
		{7AE31B2A-035C-43C2-86DC-BF09DDBAB4BA}.Debug|Any CPU.Build.0 = Debug|Any CPU
		{7AE31B2A-035C-43C2-86DC-BF09DDBAB4BA}.Release|Any CPU.ActiveCfg = Release|Any CPU
		{7AE31B2A-035C-43C2-86DC-BF09DDBAB4BA}.Release|Any CPU.Build.0 = Release|Any CPU
	EndGlobalSection
	GlobalSection(SolutionProperties) = preSolution
		HideSolutionNode = FALSE
	EndGlobalSection
	GlobalSection(ExtensibilityGlobals) = postSolution
		SolutionGuid = {5BAA1861-5AC4-4266-B662-9259AEF0D49C}
	EndGlobalSection
EndGlobal
